
Microsoft Visual Studio Solution File, Format Version 12.00
# Visual Studio Version 16
VisualStudioVersion = 16.0.30711.63
MinimumVisualStudioVersion = 10.0.40219.1
Project("{FAE04EC0-301F-11D3-BF4B-00C04F79EFBC}") = "Excel2ModelUnitTests", "Excel2ModelUnitTests\Excel2ModelUnitTests.csproj", "{4650C544-46D9-44B4-B94A-396CFF1794C3}"
EndProject
Project("{FAE04EC0-301F-11D3-BF4B-00C04F79EFBC}") = "Excel2Model", "Excel2Model\Excel2Model.csproj", "{A405250C-6983-4E27-BED4-62D7E8462965}"
EndProject
Global
	GlobalSection(SolutionConfigurationPlatforms) = preSolution
		Debug|Any CPU = Debug|Any CPU
		Release|Any CPU = Release|Any CPU
	EndGlobalSection
	GlobalSection(ProjectConfigurationPlatforms) = postSolution
		{4650C544-46D9-44B4-B94A-396CFF1794C3}.Debug|Any CPU.ActiveCfg = Debug|Any CPU
		{4650C544-46D9-44B4-B94A-396CFF1794C3}.Debug|Any CPU.Build.0 = Debug|Any CPU
		{4650C544-46D9-44B4-B94A-396CFF1794C3}.Release|Any CPU.ActiveCfg = Release|Any CPU
		{4650C544-46D9-44B4-B94A-396CFF1794C3}.Release|Any CPU.Build.0 = Release|Any CPU
		{A405250C-6983-4E27-BED4-62D7E8462965}.Debug|Any CPU.ActiveCfg = Debug|Any CPU
		{A405250C-6983-4E27-BED4-62D7E8462965}.Debug|Any CPU.Build.0 = Debug|Any CPU
		{A405250C-6983-4E27-BED4-62D7E8462965}.Release|Any CPU.ActiveCfg = Release|Any CPU
		{A405250C-6983-4E27-BED4-62D7E8462965}.Release|Any CPU.Build.0 = Release|Any CPU
	EndGlobalSection
	GlobalSection(SolutionProperties) = preSolution
		HideSolutionNode = FALSE
	EndGlobalSection
	GlobalSection(ExtensibilityGlobals) = postSolution
		SolutionGuid = {1A4133BC-EC23-4780-ABCE-8142E9987DDB}
	EndGlobalSection
EndGlobal
